
Microsoft Visual Studio Solution File, Format Version 12.00
# Visual Studio Version 17
VisualStudioVersion = 17.12.35707.178
MinimumVisualStudioVersion = 10.0.40219.1
Project("{FAE04EC0-301F-11D3-BF4B-00C04F79EFBC}") = "pwd", "pwd\pwd.csproj", "{8C568C60-6145-48F0-93BD-FA8999CE00A8}"
EndProject
Project("{FAE04EC0-301F-11D3-BF4B-00C04F79EFBC}") = "ls", "ls\ls.csproj", "{95104C7F-DD10-4F9E-B413-5FB44B67CBA8}"
EndProject
Project("{FAE04EC0-301F-11D3-BF4B-00C04F79EFBC}") = "cat", "cat\cat.csproj", "{7571C210-15C2-4FB9-9A28-10CBA506075E}"
EndProject
Project("{FAE04EC0-301F-11D3-BF4B-00C04F79EFBC}") = "mymd", "mymd\mymd.csproj", "{F49E93B1-6345-42A0-9FBC-3DEA1E0DFBDE}"
EndProject
Project("{FAE04EC0-301F-11D3-BF4B-00C04F79EFBC}") = "myrm", "myrm\myrm.csproj", "{A33BEAE7-DCDC-4304-8399-6D48A3CCD93C}"
EndProject
Project("{FAE04EC0-301F-11D3-BF4B-00C04F79EFBC}") = "cp", "cp\cp.csproj", "{0645A46B-0000-4488-AE55-953C3D971F84}"
EndProject
Global
	GlobalSection(SolutionConfigurationPlatforms) = preSolution
		Debug|Any CPU = Debug|Any CPU
		Release|Any CPU = Release|Any CPU
	EndGlobalSection
	GlobalSection(ProjectConfigurationPlatforms) = postSolution
		{8C568C60-6145-48F0-93BD-FA8999CE00A8}.Debug|Any CPU.ActiveCfg = Debug|Any CPU
		{8C568C60-6145-48F0-93BD-FA8999CE00A8}.Debug|Any CPU.Build.0 = Debug|Any CPU
		{8C568C60-6145-48F0-93BD-FA8999CE00A8}.Release|Any CPU.ActiveCfg = Release|Any CPU
		{8C568C60-6145-48F0-93BD-FA8999CE00A8}.Release|Any CPU.Build.0 = Release|Any CPU
		{95104C7F-DD10-4F9E-B413-5FB44B67CBA8}.Debug|Any CPU.ActiveCfg = Debug|Any CPU
		{95104C7F-DD10-4F9E-B413-5FB44B67CBA8}.Debug|Any CPU.Build.0 = Debug|Any CPU
		{95104C7F-DD10-4F9E-B413-5FB44B67CBA8}.Release|Any CPU.ActiveCfg = Release|Any CPU
		{95104C7F-DD10-4F9E-B413-5FB44B67CBA8}.Release|Any CPU.Build.0 = Release|Any CPU
		{7571C210-15C2-4FB9-9A28-10CBA506075E}.Debug|Any CPU.ActiveCfg = Debug|Any CPU
		{7571C210-15C2-4FB9-9A28-10CBA506075E}.Debug|Any CPU.Build.0 = Debug|Any CPU
		{7571C210-15C2-4FB9-9A28-10CBA506075E}.Release|Any CPU.ActiveCfg = Release|Any CPU
		{7571C210-15C2-4FB9-9A28-10CBA506075E}.Release|Any CPU.Build.0 = Release|Any CPU
		{F49E93B1-6345-42A0-9FBC-3DEA1E0DFBDE}.Debug|Any CPU.ActiveCfg = Debug|Any CPU
		{F49E93B1-6345-42A0-9FBC-3DEA1E0DFBDE}.Debug|Any CPU.Build.0 = Debug|Any CPU
		{F49E93B1-6345-42A0-9FBC-3DEA1E0DFBDE}.Release|Any CPU.ActiveCfg = Release|Any CPU
		{F49E93B1-6345-42A0-9FBC-3DEA1E0DFBDE}.Release|Any CPU.Build.0 = Release|Any CPU
		{A33BEAE7-DCDC-4304-8399-6D48A3CCD93C}.Debug|Any CPU.ActiveCfg = Debug|Any CPU
		{A33BEAE7-DCDC-4304-8399-6D48A3CCD93C}.Debug|Any CPU.Build.0 = Debug|Any CPU
		{A33BEAE7-DCDC-4304-8399-6D48A3CCD93C}.Release|Any CPU.ActiveCfg = Release|Any CPU
		{A33BEAE7-DCDC-4304-8399-6D48A3CCD93C}.Release|Any CPU.Build.0 = Release|Any CPU
		{0645A46B-0000-4488-AE55-953C3D971F84}.Debug|Any CPU.ActiveCfg = Debug|Any CPU
		{0645A46B-0000-4488-AE55-953C3D971F84}.Debug|Any CPU.Build.0 = Debug|Any CPU
		{0645A46B-0000-4488-AE55-953C3D971F84}.Release|Any CPU.ActiveCfg = Release|Any CPU
		{0645A46B-0000-4488-AE55-953C3D971F84}.Release|Any CPU.Build.0 = Release|Any CPU
	EndGlobalSection
	GlobalSection(SolutionProperties) = preSolution
		HideSolutionNode = FALSE
	EndGlobalSection
EndGlobal
